
Microsoft Visual Studio Solution File, Format Version 12.00
# Visual Studio Version 17
VisualStudioVersion = 17.11.35219.272
MinimumVisualStudioVersion = 10.0.40219.1
Project("{9A19103F-16F7-4668-BE54-9A1E7A4F7556}") = "Blazor", "Blazor\Blazor.csproj", "{7F038BEC-E4E0-4905-9E49-985A8CE8EE57}"
EndProject
Project("{FAE04EC0-301F-11D3-BF4B-00C04F79EFBC}") = "MauiApp", "MauiApp\MauiApp.csproj", "{CDA9570C-395C-4E6A-A646-1EABFBBB6CA7}"
EndProject
Global
	GlobalSection(SolutionConfigurationPlatforms) = preSolution
		Debug|Any CPU = Debug|Any CPU
		Release|Any CPU = Release|Any CPU
	EndGlobalSection
	GlobalSection(ProjectConfigurationPlatforms) = postSolution
		{7F038BEC-E4E0-4905-9E49-985A8CE8EE57}.Debug|Any CPU.ActiveCfg = Debug|Any CPU
		{7F038BEC-E4E0-4905-9E49-985A8CE8EE57}.Debug|Any CPU.Build.0 = Debug|Any CPU
		{7F038BEC-E4E0-4905-9E49-985A8CE8EE57}.Debug|Any CPU.Deploy.0 = Debug|Any CPU
		{7F038BEC-E4E0-4905-9E49-985A8CE8EE57}.Release|Any CPU.ActiveCfg = Release|Any CPU
		{7F038BEC-E4E0-4905-9E49-985A8CE8EE57}.Release|Any CPU.Build.0 = Release|Any CPU
		{7F038BEC-E4E0-4905-9E49-985A8CE8EE57}.Release|Any CPU.Deploy.0 = Release|Any CPU
		{CDA9570C-395C-4E6A-A646-1EABFBBB6CA7}.Debug|Any CPU.ActiveCfg = Debug|Any CPU
		{CDA9570C-395C-4E6A-A646-1EABFBBB6CA7}.Debug|Any CPU.Build.0 = Debug|Any CPU
		{CDA9570C-395C-4E6A-A646-1EABFBBB6CA7}.Debug|Any CPU.Deploy.0 = Debug|Any CPU
		{CDA9570C-395C-4E6A-A646-1EABFBBB6CA7}.Release|Any CPU.ActiveCfg = Release|Any CPU
		{CDA9570C-395C-4E6A-A646-1EABFBBB6CA7}.Release|Any CPU.Build.0 = Release|Any CPU
		{CDA9570C-395C-4E6A-A646-1EABFBBB6CA7}.Release|Any CPU.Deploy.0 = Release|Any CPU
	EndGlobalSection
	GlobalSection(SolutionProperties) = preSolution
		HideSolutionNode = FALSE
	EndGlobalSection
	GlobalSection(ExtensibilityGlobals) = postSolution
		SolutionGuid = {D9E875F4-C7DF-4C12-8629-BF1D5C83FED1}
	EndGlobalSection
EndGlobal
